
Microsoft Visual Studio Solution File, Format Version 12.00
# Visual Studio Version 17
VisualStudioVersion = 17.14.36414.22 d17.14
MinimumVisualStudioVersion = 10.0.40219.1
Project("{FAE04EC0-301F-11D3-BF4B-00C04F79EFBC}") = "MathClass", "MathClass\MathClass.csproj", "{8A616971-9D0A-48DF-A482-C6D907E4B66B}"
EndProject
Global
	GlobalSection(SolutionConfigurationPlatforms) = preSolution
		Debug|Any CPU = Debug|Any CPU
		Release|Any CPU = Release|Any CPU
	EndGlobalSection
	GlobalSection(ProjectConfigurationPlatforms) = postSolution
		{8A616971-9D0A-48DF-A482-C6D907E4B66B}.Debug|Any CPU.ActiveCfg = Debug|Any CPU
		{8A616971-9D0A-48DF-A482-C6D907E4B66B}.Debug|Any CPU.Build.0 = Debug|Any CPU
		{8A616971-9D0A-48DF-A482-C6D907E4B66B}.Release|Any CPU.ActiveCfg = Release|Any CPU
		{8A616971-9D0A-48DF-A482-C6D907E4B66B}.Release|Any CPU.Build.0 = Release|Any CPU
	EndGlobalSection
	GlobalSection(SolutionProperties) = preSolution
		HideSolutionNode = FALSE
	EndGlobalSection
	GlobalSection(ExtensibilityGlobals) = postSolution
		SolutionGuid = {B4ED2F03-D790-4B7E-9AAD-7BC1423F2C51}
	EndGlobalSection
EndGlobal
